
Microsoft Visual Studio Solution File, Format Version 12.00
# Visual Studio 15
VisualStudioVersion = 15.0.28307.271
MinimumVisualStudioVersion = 10.0.40219.1
Project("{2150E333-8FDC-42A3-9474-1A3956D46DE8}") = "Core", "Core", "{E5EBD3C9-3C4C-4958-9557-8F1E87DCA3AA}"
EndProject
Project("{2150E333-8FDC-42A3-9474-1A3956D46DE8}") = "Demo", "Demo", "{3860526B-B5F2-4691-8BCF-4561E59C6881}"
EndProject
Project("{2150E333-8FDC-42A3-9474-1A3956D46DE8}") = "Extender", "Extender", "{0D72E661-43CD-46EA-B6A9-FB0785821D37}"
EndProject
Project("{2150E333-8FDC-42A3-9474-1A3956D46DE8}") = "Solution Items", "Solution Items", "{2DC32FDE-1850-403D-B991-6F0C70223411}"
	ProjectSection(SolutionItems) = preProject
		CommonAssemblyInfo.cs = CommonAssemblyInfo.cs
		Credits.txt = Credits.txt
		History.txt = History.txt
	EndProjectSection
EndProject
Project("{2150E333-8FDC-42A3-9474-1A3956D46DE8}") = "VSAddin", "VSAddin", "{3103B0F8-CF37-4E10-A890-41C06244FCC6}"
EndProject
Project("{FAE04EC0-301F-11D3-BF4B-00C04F79EFBC}") = "ACorns.Hawkeye.Core.N4", "ACorns.Hawkeye.Core\ACorns.Hawkeye.Core.N4.csproj", "{E4799E49-66E7-423F-BAF5-BABB769182D9}"
EndProject
Project("{FAE04EC0-301F-11D3-BF4B-00C04F79EFBC}") = "ACorns.Hawkeye.CoreUI.N4", "ACorns.Hawkeye.CoreUI\ACorns.Hawkeye.CoreUI.N4.csproj", "{60ACCCD1-B770-4C47-912B-1B32E564EE8E}"
EndProject
Project("{FAE04EC0-301F-11D3-BF4B-00C04F79EFBC}") = "ACorns.Hawkeye.N4", "ACorns.Hawkeye\ACorns.Hawkeye.N4.csproj", "{4872E30E-BE91-4DF7-B1C4-2B75133256C8}"
EndProject
Project("{FAE04EC0-301F-11D3-BF4B-00C04F79EFBC}") = "Hawkeye.DemoProject.N4", "DemoProjects\Hawkeye.DemoProject\Hawkeye.DemoProject.N4.csproj", "{CF275334-9C06-4B4D-A707-C22132724A3E}"
EndProject
Project("{FAE04EC0-301F-11D3-BF4B-00C04F79EFBC}") = "ACorns.Hawkeye.DynamicExtender.PropertyGrid.N4", "Extenders\ACorns.Hawkeye.DynamicExtender.PropertyGrid\ACorns.Hawkeye.DynamicExtender.PropertyGrid.N4.csproj", "{B54F3046-D28A-434C-ADA0-6DEC0152718E}"
EndProject
Project("{FAE04EC0-301F-11D3-BF4B-00C04F79EFBC}") = "Acorns.Hawkeye.DynamicExtender.Snapshot.N4", "Extenders\Acorns.Hawkeye.DynamicExtender.Snapshot\Acorns.Hawkeye.DynamicExtender.Snapshot.N4.csproj", "{AAAA7CD4-0709-4736-9361-0B116C70870F}"
EndProject
Project("{FAE04EC0-301F-11D3-BF4B-00C04F79EFBC}") = "ACorns.Hawkeye.DynamicExtender.TFSQueryResult.N4", "Extenders\ACorns.Hawkeye.DynamicExtender.TFSQueryResult\ACorns.Hawkeye.DynamicExtender.TFSQueryResult.N4.csproj", "{D3E6283A-24F9-4514-B7B6-C1EC9536DC11}"
EndProject
Project("{FAE04EC0-301F-11D3-BF4B-00C04F79EFBC}") = "ACorns.VS.Addin.N4", "Extenders\ACorns.VS.Addin\ACorns.VS.Addin.N4.csproj", "{005B42EB-B299-4140-879E-E6FE2E22A0F4}"
EndProject
Project("{8BC9CEB8-8B4A-11D0-8D11-00A0C91BC942}") = "ACorns.Hawkeye.Injector.N4", "ACorns.Hawkeye.Injector\ACorns.Hawkeye.Injector.N4.vcxproj", "{E6A8076C-36F1-42E7-9DAD-CE5DF7FCFCE1}"
EndProject
Global
	GlobalSection(SolutionConfigurationPlatforms) = preSolution
		Debug|Mixed Platforms = Debug|Mixed Platforms
		Debug|x64 = Debug|x64
		Debug|x86 = Debug|x86
		Release|Mixed Platforms = Release|Mixed Platforms
		Release|x64 = Release|x64
		Release|x86 = Release|x86
	EndGlobalSection
	GlobalSection(ProjectConfigurationPlatforms) = postSolution
		{E4799E49-66E7-423F-BAF5-BABB769182D9}.Debug|Mixed Platforms.ActiveCfg = Debug|x86
		{E4799E49-66E7-423F-BAF5-BABB769182D9}.Debug|Mixed Platforms.Build.0 = Debug|x86
		{E4799E49-66E7-423F-BAF5-BABB769182D9}.Debug|x64.ActiveCfg = Debug|x64
		{E4799E49-66E7-423F-BAF5-BABB769182D9}.Debug|x64.Build.0 = Debug|x64
		{E4799E49-66E7-423F-BAF5-BABB769182D9}.Debug|x86.ActiveCfg = Debug|x86
		{E4799E49-66E7-423F-BAF5-BABB769182D9}.Debug|x86.Build.0 = Debug|x86
		{E4799E49-66E7-423F-BAF5-BABB769182D9}.Release|Mixed Platforms.ActiveCfg = Release|x86
		{E4799E49-66E7-423F-BAF5-BABB769182D9}.Release|Mixed Platforms.Build.0 = Release|x86
		{E4799E49-66E7-423F-BAF5-BABB769182D9}.Release|x64.ActiveCfg = Release|x64
		{E4799E49-66E7-423F-BAF5-BABB769182D9}.Release|x64.Build.0 = Release|x64
		{E4799E49-66E7-423F-BAF5-BABB769182D9}.Release|x86.ActiveCfg = Release|x86
		{E4799E49-66E7-423F-BAF5-BABB769182D9}.Release|x86.Build.0 = Release|x86
		{60ACCCD1-B770-4C47-912B-1B32E564EE8E}.Debug|Mixed Platforms.ActiveCfg = Debug|x86
		{60ACCCD1-B770-4C47-912B-1B32E564EE8E}.Debug|Mixed Platforms.Build.0 = Debug|x86
		{60ACCCD1-B770-4C47-912B-1B32E564EE8E}.Debug|x64.ActiveCfg = Debug|x64
		{60ACCCD1-B770-4C47-912B-1B32E564EE8E}.Debug|x64.Build.0 = Debug|x64
		{60ACCCD1-B770-4C47-912B-1B32E564EE8E}.Debug|x86.ActiveCfg = Debug|x86
		{60ACCCD1-B770-4C47-912B-1B32E564EE8E}.Debug|x86.Build.0 = Debug|x86
		{60ACCCD1-B770-4C47-912B-1B32E564EE8E}.Release|Mixed Platforms.ActiveCfg = Release|x86
		{60ACCCD1-B770-4C47-912B-1B32E564EE8E}.Release|Mixed Platforms.Build.0 = Release|x86
		{60ACCCD1-B770-4C47-912B-1B32E564EE8E}.Release|x64.ActiveCfg = Release|x64
		{60ACCCD1-B770-4C47-912B-1B32E564EE8E}.Release|x64.Build.0 = Release|x64
		{60ACCCD1-B770-4C47-912B-1B32E564EE8E}.Release|x86.ActiveCfg = Release|x86
		{60ACCCD1-B770-4C47-912B-1B32E564EE8E}.Release|x86.Build.0 = Release|x86
		{4872E30E-BE91-4DF7-B1C4-2B75133256C8}.Debug|Mixed Platforms.ActiveCfg = Debug|x64
		{4872E30E-BE91-4DF7-B1C4-2B75133256C8}.Debug|Mixed Platforms.Build.0 = Debug|x64
		{4872E30E-BE91-4DF7-B1C4-2B75133256C8}.Debug|x64.ActiveCfg = Debug|x64
		{4872E30E-BE91-4DF7-B1C4-2B75133256C8}.Debug|x64.Build.0 = Debug|x64
		{4872E30E-BE91-4DF7-B1C4-2B75133256C8}.Debug|x86.ActiveCfg = Debug|x86
		{4872E30E-BE91-4DF7-B1C4-2B75133256C8}.Debug|x86.Build.0 = Debug|x86
		{4872E30E-BE91-4DF7-B1C4-2B75133256C8}.Release|Mixed Platforms.ActiveCfg = Release|x64
		{4872E30E-BE91-4DF7-B1C4-2B75133256C8}.Release|Mixed Platforms.Build.0 = Release|x64
		{4872E30E-BE91-4DF7-B1C4-2B75133256C8}.Release|x64.ActiveCfg = Release|x64
		{4872E30E-BE91-4DF7-B1C4-2B75133256C8}.Release|x64.Build.0 = Release|x64
		{4872E30E-BE91-4DF7-B1C4-2B75133256C8}.Release|x86.ActiveCfg = Release|x86
		{4872E30E-BE91-4DF7-B1C4-2B75133256C8}.Release|x86.Build.0 = Release|x86
		{CF275334-9C06-4B4D-A707-C22132724A3E}.Debug|Mixed Platforms.ActiveCfg = Debug|x86
		{CF275334-9C06-4B4D-A707-C22132724A3E}.Debug|Mixed Platforms.Build.0 = Debug|x86
		{CF275334-9C06-4B4D-A707-C22132724A3E}.Debug|x64.ActiveCfg = Debug|x64
		{CF275334-9C06-4B4D-A707-C22132724A3E}.Debug|x64.Build.0 = Debug|x64
		{CF275334-9C06-4B4D-A707-C22132724A3E}.Debug|x86.ActiveCfg = Debug|x86
		{CF275334-9C06-4B4D-A707-C22132724A3E}.Debug|x86.Build.0 = Debug|x86
		{CF275334-9C06-4B4D-A707-C22132724A3E}.Release|Mixed Platforms.ActiveCfg = Release|x86
		{CF275334-9C06-4B4D-A707-C22132724A3E}.Release|Mixed Platforms.Build.0 = Release|x86
		{CF275334-9C06-4B4D-A707-C22132724A3E}.Release|x64.ActiveCfg = Release|x64
		{CF275334-9C06-4B4D-A707-C22132724A3E}.Release|x64.Build.0 = Release|x64
		{CF275334-9C06-4B4D-A707-C22132724A3E}.Release|x86.ActiveCfg = Release|x86
		{CF275334-9C06-4B4D-A707-C22132724A3E}.Release|x86.Build.0 = Release|x86
		{B54F3046-D28A-434C-ADA0-6DEC0152718E}.Debug|Mixed Platforms.ActiveCfg = Debug|Any CPU
		{B54F3046-D28A-434C-ADA0-6DEC0152718E}.Debug|Mixed Platforms.Build.0 = Debug|Any CPU
		{B54F3046-D28A-434C-ADA0-6DEC0152718E}.Debug|x64.ActiveCfg = Debug|Any CPU
		{B54F3046-D28A-434C-ADA0-6DEC0152718E}.Debug|x64.Build.0 = Debug|Any CPU
		{B54F3046-D28A-434C-ADA0-6DEC0152718E}.Debug|x86.ActiveCfg = Debug|Any CPU
		{B54F3046-D28A-434C-ADA0-6DEC0152718E}.Debug|x86.Build.0 = Debug|Any CPU
		{B54F3046-D28A-434C-ADA0-6DEC0152718E}.Release|Mixed Platforms.ActiveCfg = Release|Any CPU
		{B54F3046-D28A-434C-ADA0-6DEC0152718E}.Release|Mixed Platforms.Build.0 = Release|Any CPU
		{B54F3046-D28A-434C-ADA0-6DEC0152718E}.Release|x64.ActiveCfg = Release|Any CPU
		{B54F3046-D28A-434C-ADA0-6DEC0152718E}.Release|x64.Build.0 = Release|Any CPU
		{B54F3046-D28A-434C-ADA0-6DEC0152718E}.Release|x86.ActiveCfg = Release|Any CPU
		{B54F3046-D28A-434C-ADA0-6DEC0152718E}.Release|x86.Build.0 = Release|Any CPU
		{AAAA7CD4-0709-4736-9361-0B116C70870F}.Debug|Mixed Platforms.ActiveCfg = Debug|Any CPU
		{AAAA7CD4-0709-4736-9361-0B116C70870F}.Debug|Mixed Platforms.Build.0 = Debug|Any CPU
		{AAAA7CD4-0709-4736-9361-0B116C70870F}.Debug|x64.ActiveCfg = Debug|Any CPU
		{AAAA7CD4-0709-4736-9361-0B116C70870F}.Debug|x64.Build.0 = Debug|Any CPU
		{AAAA7CD4-0709-4736-9361-0B116C70870F}.Debug|x86.ActiveCfg = Debug|Any CPU
		{AAAA7CD4-0709-4736-9361-0B116C70870F}.Debug|x86.Build.0 = Debug|Any CPU
		{AAAA7CD4-0709-4736-9361-0B116C70870F}.Release|Mixed Platforms.ActiveCfg = Release|Any CPU
		{AAAA7CD4-0709-4736-9361-0B116C70870F}.Release|Mixed Platforms.Build.0 = Release|Any CPU
		{AAAA7CD4-0709-4736-9361-0B116C70870F}.Release|x64.ActiveCfg = Release|Any CPU
		{AAAA7CD4-0709-4736-9361-0B116C70870F}.Release|x64.Build.0 = Release|Any CPU
		{AAAA7CD4-0709-4736-9361-0B116C70870F}.Release|x86.ActiveCfg = Release|Any CPU
		{AAAA7CD4-0709-4736-9361-0B116C70870F}.Release|x86.Build.0 = Release|Any CPU
		{D3E6283A-24F9-4514-B7B6-C1EC9536DC11}.Debug|Mixed Platforms.ActiveCfg = Debug|Any CPU
		{D3E6283A-24F9-4514-B7B6-C1EC9536DC11}.Debug|Mixed Platforms.Build.0 = Debug|Any CPU
		{D3E6283A-24F9-4514-B7B6-C1EC9536DC11}.Debug|x64.ActiveCfg = Debug|Any CPU
		{D3E6283A-24F9-4514-B7B6-C1EC9536DC11}.Debug|x64.Build.0 = Debug|Any CPU
		{D3E6283A-24F9-4514-B7B6-C1EC9536DC11}.Debug|x86.ActiveCfg = Debug|Any CPU
		{D3E6283A-24F9-4514-B7B6-C1EC9536DC11}.Debug|x86.Build.0 = Debug|Any CPU
		{D3E6283A-24F9-4514-B7B6-C1EC9536DC11}.Release|Mixed Platforms.ActiveCfg = Release|Any CPU
		{D3E6283A-24F9-4514-B7B6-C1EC9536DC11}.Release|Mixed Platforms.Build.0 = Release|Any CPU
		{D3E6283A-24F9-4514-B7B6-C1EC9536DC11}.Release|x64.ActiveCfg = Release|Any CPU
		{D3E6283A-24F9-4514-B7B6-C1EC9536DC11}.Release|x64.Build.0 = Release|Any CPU
		{D3E6283A-24F9-4514-B7B6-C1EC9536DC11}.Release|x86.ActiveCfg = Release|Any CPU
		{D3E6283A-24F9-4514-B7B6-C1EC9536DC11}.Release|x86.Build.0 = Release|Any CPU
		{005B42EB-B299-4140-879E-E6FE2E22A0F4}.Debug|Mixed Platforms.ActiveCfg = Debug|Any CPU
		{005B42EB-B299-4140-879E-E6FE2E22A0F4}.Debug|Mixed Platforms.Build.0 = Debug|Any CPU
		{005B42EB-B299-4140-879E-E6FE2E22A0F4}.Debug|x64.ActiveCfg = Debug|Any CPU
		{005B42EB-B299-4140-879E-E6FE2E22A0F4}.Debug|x64.Build.0 = Debug|Any CPU
		{005B42EB-B299-4140-879E-E6FE2E22A0F4}.Debug|x86.ActiveCfg = Debug|Any CPU
		{005B42EB-B299-4140-879E-E6FE2E22A0F4}.Debug|x86.Build.0 = Debug|Any CPU
		{005B42EB-B299-4140-879E-E6FE2E22A0F4}.Release|Mixed Platforms.ActiveCfg = Release|Any CPU
		{005B42EB-B299-4140-879E-E6FE2E22A0F4}.Release|Mixed Platforms.Build.0 = Release|Any CPU
		{005B42EB-B299-4140-879E-E6FE2E22A0F4}.Release|x64.ActiveCfg = Release|Any CPU
		{005B42EB-B299-4140-879E-E6FE2E22A0F4}.Release|x64.Build.0 = Release|Any CPU
		{005B42EB-B299-4140-879E-E6FE2E22A0F4}.Release|x86.ActiveCfg = Release|Any CPU
		{005B42EB-B299-4140-879E-E6FE2E22A0F4}.Release|x86.Build.0 = Release|Any CPU
		{E6A8076C-36F1-42E7-9DAD-CE5DF7FCFCE1}.Debug|Mixed Platforms.ActiveCfg = Debug|x64
		{E6A8076C-36F1-42E7-9DAD-CE5DF7FCFCE1}.Debug|Mixed Platforms.Build.0 = Debug|x64
		{E6A8076C-36F1-42E7-9DAD-CE5DF7FCFCE1}.Debug|x64.ActiveCfg = Debug|x64
		{E6A8076C-36F1-42E7-9DAD-CE5DF7FCFCE1}.Debug|x64.Build.0 = Debug|x64
		{E6A8076C-36F1-42E7-9DAD-CE5DF7FCFCE1}.Debug|x86.ActiveCfg = Debug|Win32
		{E6A8076C-36F1-42E7-9DAD-CE5DF7FCFCE1}.Debug|x86.Build.0 = Debug|Win32
		{E6A8076C-36F1-42E7-9DAD-CE5DF7FCFCE1}.Release|Mixed Platforms.ActiveCfg = Release|x64
		{E6A8076C-36F1-42E7-9DAD-CE5DF7FCFCE1}.Release|Mixed Platforms.Build.0 = Release|x64
		{E6A8076C-36F1-42E7-9DAD-CE5DF7FCFCE1}.Release|x64.ActiveCfg = Release|x64
		{E6A8076C-36F1-42E7-9DAD-CE5DF7FCFCE1}.Release|x64.Build.0 = Release|x64
		{E6A8076C-36F1-42E7-9DAD-CE5DF7FCFCE1}.Release|x86.ActiveCfg = Release|x64
	EndGlobalSection
	GlobalSection(SolutionProperties) = preSolution
		HideSolutionNode = FALSE
	EndGlobalSection
	GlobalSection(NestedProjects) = preSolution
		{E4799E49-66E7-423F-BAF5-BABB769182D9} = {E5EBD3C9-3C4C-4958-9557-8F1E87DCA3AA}
		{60ACCCD1-B770-4C47-912B-1B32E564EE8E} = {E5EBD3C9-3C4C-4958-9557-8F1E87DCA3AA}
		{4872E30E-BE91-4DF7-B1C4-2B75133256C8} = {E5EBD3C9-3C4C-4958-9557-8F1E87DCA3AA}
		{CF275334-9C06-4B4D-A707-C22132724A3E} = {3860526B-B5F2-4691-8BCF-4561E59C6881}
		{B54F3046-D28A-434C-ADA0-6DEC0152718E} = {0D72E661-43CD-46EA-B6A9-FB0785821D37}
		{AAAA7CD4-0709-4736-9361-0B116C70870F} = {0D72E661-43CD-46EA-B6A9-FB0785821D37}
		{D3E6283A-24F9-4514-B7B6-C1EC9536DC11} = {0D72E661-43CD-46EA-B6A9-FB0785821D37}
		{005B42EB-B299-4140-879E-E6FE2E22A0F4} = {3103B0F8-CF37-4E10-A890-41C06244FCC6}
		{E6A8076C-36F1-42E7-9DAD-CE5DF7FCFCE1} = {E5EBD3C9-3C4C-4958-9557-8F1E87DCA3AA}
	EndGlobalSection
	GlobalSection(ExtensibilityGlobals) = postSolution
		SolutionGuid = {6DB59480-C755-4915-A492-D14F352D2F2A}
	EndGlobalSection
EndGlobal
